
Microsoft Visual Studio Solution File, Format Version 12.00
# Visual Studio Version 17
VisualStudioVersion = 17.1.32407.343
MinimumVisualStudioVersion = 10.0.40219.1
Project("{FAE04EC0-301F-11D3-BF4B-00C04F79EFBC}") = "1. Reverse Array", "1. Reverse Array\1. Reverse Array.csproj", "{9BE4A40F-6481-4329-B7B6-970E54FF49DA}"
EndProject
Project("{FAE04EC0-301F-11D3-BF4B-00C04F79EFBC}") = "2. Nested Loops To Recursion", "2. Nested Loops To Recursion\2. Nested Loops To Recursion.csproj", "{2A16E581-3128-40EB-BF81-A2F941BEDC62}"
EndProject
Project("{FAE04EC0-301F-11D3-BF4B-00C04F79EFBC}") = "3. Connected Areas in a Matrix", "3. Connected Areas in a Matrix\3. Connected Areas in a Matrix.csproj", "{DFABA97F-FE3D-4D3D-8B62-D5343E7A87D3}"
EndProject
Project("{FAE04EC0-301F-11D3-BF4B-00C04F79EFBC}") = "4. Cinema", "4. Cinema\4. Cinema.csproj", "{77B77817-E68D-461A-8C45-0727854AD6C5}"
EndProject
Project("{FAE04EC0-301F-11D3-BF4B-00C04F79EFBC}") = "5. School Teams", "5. School Teams\5. School Teams.csproj", "{563C1003-F0AE-4B7E-AAF0-59AB23BA1128}"
EndProject
Project("{FAE04EC0-301F-11D3-BF4B-00C04F79EFBC}") = "6. Word Cruncher", "6. Word Cruncher\6. Word Cruncher.csproj", "{7BF6618C-10B3-4AE5-922D-1CFF2AC3791A}"
EndProject
Global
	GlobalSection(SolutionConfigurationPlatforms) = preSolution
		Debug|Any CPU = Debug|Any CPU
		Release|Any CPU = Release|Any CPU
	EndGlobalSection
	GlobalSection(ProjectConfigurationPlatforms) = postSolution
		{9BE4A40F-6481-4329-B7B6-970E54FF49DA}.Debug|Any CPU.ActiveCfg = Debug|Any CPU
		{9BE4A40F-6481-4329-B7B6-970E54FF49DA}.Debug|Any CPU.Build.0 = Debug|Any CPU
		{9BE4A40F-6481-4329-B7B6-970E54FF49DA}.Release|Any CPU.ActiveCfg = Release|Any CPU
		{9BE4A40F-6481-4329-B7B6-970E54FF49DA}.Release|Any CPU.Build.0 = Release|Any CPU
		{2A16E581-3128-40EB-BF81-A2F941BEDC62}.Debug|Any CPU.ActiveCfg = Debug|Any CPU
		{2A16E581-3128-40EB-BF81-A2F941BEDC62}.Debug|Any CPU.Build.0 = Debug|Any CPU
		{2A16E581-3128-40EB-BF81-A2F941BEDC62}.Release|Any CPU.ActiveCfg = Release|Any CPU
		{2A16E581-3128-40EB-BF81-A2F941BEDC62}.Release|Any CPU.Build.0 = Release|Any CPU
		{DFABA97F-FE3D-4D3D-8B62-D5343E7A87D3}.Debug|Any CPU.ActiveCfg = Debug|Any CPU
		{DFABA97F-FE3D-4D3D-8B62-D5343E7A87D3}.Debug|Any CPU.Build.0 = Debug|Any CPU
		{DFABA97F-FE3D-4D3D-8B62-D5343E7A87D3}.Release|Any CPU.ActiveCfg = Release|Any CPU
		{DFABA97F-FE3D-4D3D-8B62-D5343E7A87D3}.Release|Any CPU.Build.0 = Release|Any CPU
		{77B77817-E68D-461A-8C45-0727854AD6C5}.Debug|Any CPU.ActiveCfg = Debug|Any CPU
		{77B77817-E68D-461A-8C45-0727854AD6C5}.Debug|Any CPU.Build.0 = Debug|Any CPU
		{77B77817-E68D-461A-8C45-0727854AD6C5}.Release|Any CPU.ActiveCfg = Release|Any CPU
		{77B77817-E68D-461A-8C45-0727854AD6C5}.Release|Any CPU.Build.0 = Release|Any CPU
		{563C1003-F0AE-4B7E-AAF0-59AB23BA1128}.Debug|Any CPU.ActiveCfg = Debug|Any CPU
		{563C1003-F0AE-4B7E-AAF0-59AB23BA1128}.Debug|Any CPU.Build.0 = Debug|Any CPU
		{563C1003-F0AE-4B7E-AAF0-59AB23BA1128}.Release|Any CPU.ActiveCfg = Release|Any CPU
		{563C1003-F0AE-4B7E-AAF0-59AB23BA1128}.Release|Any CPU.Build.0 = Release|Any CPU
		{7BF6618C-10B3-4AE5-922D-1CFF2AC3791A}.Debug|Any CPU.ActiveCfg = Debug|Any CPU
		{7BF6618C-10B3-4AE5-922D-1CFF2AC3791A}.Debug|Any CPU.Build.0 = Debug|Any CPU
		{7BF6618C-10B3-4AE5-922D-1CFF2AC3791A}.Release|Any CPU.ActiveCfg = Release|Any CPU
		{7BF6618C-10B3-4AE5-922D-1CFF2AC3791A}.Release|Any CPU.Build.0 = Release|Any CPU
	EndGlobalSection
	GlobalSection(SolutionProperties) = preSolution
		HideSolutionNode = FALSE
	EndGlobalSection
	GlobalSection(ExtensibilityGlobals) = postSolution
		SolutionGuid = {56B98325-C718-44CD-94AD-D5955D3DFA93}
	EndGlobalSection
EndGlobal
