
Microsoft Visual Studio Solution File, Format Version 12.00
# Visual Studio Version 17
VisualStudioVersion = 17.3.32922.545
MinimumVisualStudioVersion = 10.0.40219.1
Project("{FAE04EC0-301F-11D3-BF4B-00C04F79EFBC}") = "1. Trains Part Two", "1. Trains Part Two\1. Trains Part Two.csproj", "{A76D3D4B-08C8-41D4-9EF5-3D0B55E34294}"
EndProject
Project("{FAE04EC0-301F-11D3-BF4B-00C04F79EFBC}") = "2. Creep", "2. Creep\2. Creep.csproj", "{4D87730A-028B-4496-9237-9A2F5E78F680}"
EndProject
Project("{FAE04EC0-301F-11D3-BF4B-00C04F79EFBC}") = "3. Code", "3. Code\3. Code.csproj", "{2EE4A6C6-26E1-4636-BA11-D06976758629}"
EndProject
Global
	GlobalSection(SolutionConfigurationPlatforms) = preSolution
		Debug|Any CPU = Debug|Any CPU
		Release|Any CPU = Release|Any CPU
	EndGlobalSection
	GlobalSection(ProjectConfigurationPlatforms) = postSolution
		{A76D3D4B-08C8-41D4-9EF5-3D0B55E34294}.Debug|Any CPU.ActiveCfg = Debug|Any CPU
		{A76D3D4B-08C8-41D4-9EF5-3D0B55E34294}.Debug|Any CPU.Build.0 = Debug|Any CPU
		{A76D3D4B-08C8-41D4-9EF5-3D0B55E34294}.Release|Any CPU.ActiveCfg = Release|Any CPU
		{A76D3D4B-08C8-41D4-9EF5-3D0B55E34294}.Release|Any CPU.Build.0 = Release|Any CPU
		{4D87730A-028B-4496-9237-9A2F5E78F680}.Debug|Any CPU.ActiveCfg = Debug|Any CPU
		{4D87730A-028B-4496-9237-9A2F5E78F680}.Debug|Any CPU.Build.0 = Debug|Any CPU
		{4D87730A-028B-4496-9237-9A2F5E78F680}.Release|Any CPU.ActiveCfg = Release|Any CPU
		{4D87730A-028B-4496-9237-9A2F5E78F680}.Release|Any CPU.Build.0 = Release|Any CPU
		{2EE4A6C6-26E1-4636-BA11-D06976758629}.Debug|Any CPU.ActiveCfg = Debug|Any CPU
		{2EE4A6C6-26E1-4636-BA11-D06976758629}.Debug|Any CPU.Build.0 = Debug|Any CPU
		{2EE4A6C6-26E1-4636-BA11-D06976758629}.Release|Any CPU.ActiveCfg = Release|Any CPU
		{2EE4A6C6-26E1-4636-BA11-D06976758629}.Release|Any CPU.Build.0 = Release|Any CPU
	EndGlobalSection
	GlobalSection(SolutionProperties) = preSolution
		HideSolutionNode = FALSE
	EndGlobalSection
	GlobalSection(ExtensibilityGlobals) = postSolution
		SolutionGuid = {5FF45D28-6D1B-4050-A1BD-4D15E14EB76A}
	EndGlobalSection
EndGlobal
