
Microsoft Visual Studio Solution File, Format Version 12.00
# Visual Studio Version 17
VisualStudioVersion = 17.1.32407.343
MinimumVisualStudioVersion = 10.0.40219.1
Project("{FAE04EC0-301F-11D3-BF4B-00C04F79EFBC}") = "1. Permutations without Repetitions", "1. Permutations without Repetitions\1. Permutations without Repetitions.csproj", "{59ABEA16-5F0E-4E48-8EED-DE696211105A}"
EndProject
Project("{FAE04EC0-301F-11D3-BF4B-00C04F79EFBC}") = "2. Permutations with Repetitions", "2. Permutations with Repetitions\2. Permutations with Repetitions.csproj", "{8C76D86E-8F70-42C0-936E-C3F192951909}"
EndProject
Project("{FAE04EC0-301F-11D3-BF4B-00C04F79EFBC}") = "3. Variations without Repetitions", "3. Variations without Repetitions\3. Variations without Repetitions.csproj", "{78EB7AF7-604D-4037-8C6F-A184C403A0A1}"
EndProject
Project("{FAE04EC0-301F-11D3-BF4B-00C04F79EFBC}") = "4. Variations with Repetition", "4. Variations with Repetition\4. Variations with Repetition.csproj", "{4F9F28E1-565E-451B-8BB5-7ABD05040F08}"
EndProject
Project("{FAE04EC0-301F-11D3-BF4B-00C04F79EFBC}") = "5. Combinations without Repetition", "5. Combinations without Repetition\5. Combinations without Repetition.csproj", "{4EDE5CAE-389C-40E8-85EC-D3A77E01771B}"
EndProject
Project("{FAE04EC0-301F-11D3-BF4B-00C04F79EFBC}") = "6. Combinations with Repetition", "6. Combinations with Repetition\6. Combinations with Repetition.csproj", "{986F71C9-DEE7-446B-B151-02F66C01C809}"
EndProject
Project("{FAE04EC0-301F-11D3-BF4B-00C04F79EFBC}") = "7. N Choose K Count", "7. N Choose K Count\7. N Choose K Count.csproj", "{C2D34EE2-8EA9-461F-BE23-412A4CFE08D1}"
EndProject
Global
	GlobalSection(SolutionConfigurationPlatforms) = preSolution
		Debug|Any CPU = Debug|Any CPU
		Release|Any CPU = Release|Any CPU
	EndGlobalSection
	GlobalSection(ProjectConfigurationPlatforms) = postSolution
		{59ABEA16-5F0E-4E48-8EED-DE696211105A}.Debug|Any CPU.ActiveCfg = Debug|Any CPU
		{59ABEA16-5F0E-4E48-8EED-DE696211105A}.Debug|Any CPU.Build.0 = Debug|Any CPU
		{59ABEA16-5F0E-4E48-8EED-DE696211105A}.Release|Any CPU.ActiveCfg = Release|Any CPU
		{59ABEA16-5F0E-4E48-8EED-DE696211105A}.Release|Any CPU.Build.0 = Release|Any CPU
		{8C76D86E-8F70-42C0-936E-C3F192951909}.Debug|Any CPU.ActiveCfg = Debug|Any CPU
		{8C76D86E-8F70-42C0-936E-C3F192951909}.Debug|Any CPU.Build.0 = Debug|Any CPU
		{8C76D86E-8F70-42C0-936E-C3F192951909}.Release|Any CPU.ActiveCfg = Release|Any CPU
		{8C76D86E-8F70-42C0-936E-C3F192951909}.Release|Any CPU.Build.0 = Release|Any CPU
		{78EB7AF7-604D-4037-8C6F-A184C403A0A1}.Debug|Any CPU.ActiveCfg = Debug|Any CPU
		{78EB7AF7-604D-4037-8C6F-A184C403A0A1}.Debug|Any CPU.Build.0 = Debug|Any CPU
		{78EB7AF7-604D-4037-8C6F-A184C403A0A1}.Release|Any CPU.ActiveCfg = Release|Any CPU
		{78EB7AF7-604D-4037-8C6F-A184C403A0A1}.Release|Any CPU.Build.0 = Release|Any CPU
		{4F9F28E1-565E-451B-8BB5-7ABD05040F08}.Debug|Any CPU.ActiveCfg = Debug|Any CPU
		{4F9F28E1-565E-451B-8BB5-7ABD05040F08}.Debug|Any CPU.Build.0 = Debug|Any CPU
		{4F9F28E1-565E-451B-8BB5-7ABD05040F08}.Release|Any CPU.ActiveCfg = Release|Any CPU
		{4F9F28E1-565E-451B-8BB5-7ABD05040F08}.Release|Any CPU.Build.0 = Release|Any CPU
		{4EDE5CAE-389C-40E8-85EC-D3A77E01771B}.Debug|Any CPU.ActiveCfg = Debug|Any CPU
		{4EDE5CAE-389C-40E8-85EC-D3A77E01771B}.Debug|Any CPU.Build.0 = Debug|Any CPU
		{4EDE5CAE-389C-40E8-85EC-D3A77E01771B}.Release|Any CPU.ActiveCfg = Release|Any CPU
		{4EDE5CAE-389C-40E8-85EC-D3A77E01771B}.Release|Any CPU.Build.0 = Release|Any CPU
		{986F71C9-DEE7-446B-B151-02F66C01C809}.Debug|Any CPU.ActiveCfg = Debug|Any CPU
		{986F71C9-DEE7-446B-B151-02F66C01C809}.Debug|Any CPU.Build.0 = Debug|Any CPU
		{986F71C9-DEE7-446B-B151-02F66C01C809}.Release|Any CPU.ActiveCfg = Release|Any CPU
		{986F71C9-DEE7-446B-B151-02F66C01C809}.Release|Any CPU.Build.0 = Release|Any CPU
		{C2D34EE2-8EA9-461F-BE23-412A4CFE08D1}.Debug|Any CPU.ActiveCfg = Debug|Any CPU
		{C2D34EE2-8EA9-461F-BE23-412A4CFE08D1}.Debug|Any CPU.Build.0 = Debug|Any CPU
		{C2D34EE2-8EA9-461F-BE23-412A4CFE08D1}.Release|Any CPU.ActiveCfg = Release|Any CPU
		{C2D34EE2-8EA9-461F-BE23-412A4CFE08D1}.Release|Any CPU.Build.0 = Release|Any CPU
	EndGlobalSection
	GlobalSection(SolutionProperties) = preSolution
		HideSolutionNode = FALSE
	EndGlobalSection
	GlobalSection(ExtensibilityGlobals) = postSolution
		SolutionGuid = {FEC8067A-7D46-4359-9519-670EAB49CDC7}
	EndGlobalSection
EndGlobal
