
Microsoft Visual Studio Solution File, Format Version 12.00
# Visual Studio Version 17
VisualStudioVersion = 17.1.32407.343
MinimumVisualStudioVersion = 10.0.40219.1
Project("{9A19103F-16F7-4668-BE54-9A1E7A4F7556}") = "1. Strongly Connected Components (SCC)", "1. Strongly Connected Components (SCC)\1. Strongly Connected Components (SCC).csproj", "{E6073D8B-B146-40E7-82FF-B438DF54BE8E}"
EndProject
Project("{9A19103F-16F7-4668-BE54-9A1E7A4F7556}") = "2. Max Flow (Edmonds-Karp)", "2. Max Flow (Edmonds-Karp)\2. Max Flow (Edmonds-Karp).csproj", "{6843C7DF-C4E5-4BB3-B780-5171D4831E2F}"
EndProject
Project("{FAE04EC0-301F-11D3-BF4B-00C04F79EFBC}") = "3. Articulation Points", "3. Articulation Points\3. Articulation Points.csproj", "{DAEE0842-1108-4083-8D7B-72039C426653}"
EndProject
Global
	GlobalSection(SolutionConfigurationPlatforms) = preSolution
		Debug|Any CPU = Debug|Any CPU
		Release|Any CPU = Release|Any CPU
	EndGlobalSection
	GlobalSection(ProjectConfigurationPlatforms) = postSolution
		{E6073D8B-B146-40E7-82FF-B438DF54BE8E}.Debug|Any CPU.ActiveCfg = Debug|Any CPU
		{E6073D8B-B146-40E7-82FF-B438DF54BE8E}.Debug|Any CPU.Build.0 = Debug|Any CPU
		{E6073D8B-B146-40E7-82FF-B438DF54BE8E}.Release|Any CPU.ActiveCfg = Release|Any CPU
		{E6073D8B-B146-40E7-82FF-B438DF54BE8E}.Release|Any CPU.Build.0 = Release|Any CPU
		{6843C7DF-C4E5-4BB3-B780-5171D4831E2F}.Debug|Any CPU.ActiveCfg = Debug|Any CPU
		{6843C7DF-C4E5-4BB3-B780-5171D4831E2F}.Debug|Any CPU.Build.0 = Debug|Any CPU
		{6843C7DF-C4E5-4BB3-B780-5171D4831E2F}.Release|Any CPU.ActiveCfg = Release|Any CPU
		{6843C7DF-C4E5-4BB3-B780-5171D4831E2F}.Release|Any CPU.Build.0 = Release|Any CPU
		{DAEE0842-1108-4083-8D7B-72039C426653}.Debug|Any CPU.ActiveCfg = Debug|Any CPU
		{DAEE0842-1108-4083-8D7B-72039C426653}.Debug|Any CPU.Build.0 = Debug|Any CPU
		{DAEE0842-1108-4083-8D7B-72039C426653}.Release|Any CPU.ActiveCfg = Release|Any CPU
		{DAEE0842-1108-4083-8D7B-72039C426653}.Release|Any CPU.Build.0 = Release|Any CPU
	EndGlobalSection
	GlobalSection(SolutionProperties) = preSolution
		HideSolutionNode = FALSE
	EndGlobalSection
	GlobalSection(ExtensibilityGlobals) = postSolution
		SolutionGuid = {9FCFE97E-1C00-48C6-9255-3F1DF4B71D3F}
	EndGlobalSection
EndGlobal
