
Microsoft Visual Studio Solution File, Format Version 12.00
# Visual Studio Version 17
VisualStudioVersion = 17.1.32407.343
MinimumVisualStudioVersion = 10.0.40219.1
Project("{FAE04EC0-301F-11D3-BF4B-00C04F79EFBC}") = "1. Trains", "1. Trains\1. Trains.csproj", "{DE323A1B-3390-4C11-AFDD-E3563148422F}"
EndProject
Project("{FAE04EC0-301F-11D3-BF4B-00C04F79EFBC}") = "2. Conditional Expression Resolver", "2. Conditional Expression Resolver\2. Conditional Expression Resolver.csproj", "{5DA12A65-DA29-4836-B74D-A0B7170525B1}"
EndProject
Project("{FAE04EC0-301F-11D3-BF4B-00C04F79EFBC}") = "3. Guards", "3. Guards\3. Guards.csproj", "{79581F36-E7A0-4262-9419-0F6077510C29}"
EndProject
Global
	GlobalSection(SolutionConfigurationPlatforms) = preSolution
		Debug|Any CPU = Debug|Any CPU
		Release|Any CPU = Release|Any CPU
	EndGlobalSection
	GlobalSection(ProjectConfigurationPlatforms) = postSolution
		{DE323A1B-3390-4C11-AFDD-E3563148422F}.Debug|Any CPU.ActiveCfg = Debug|Any CPU
		{DE323A1B-3390-4C11-AFDD-E3563148422F}.Debug|Any CPU.Build.0 = Debug|Any CPU
		{DE323A1B-3390-4C11-AFDD-E3563148422F}.Release|Any CPU.ActiveCfg = Release|Any CPU
		{DE323A1B-3390-4C11-AFDD-E3563148422F}.Release|Any CPU.Build.0 = Release|Any CPU
		{5DA12A65-DA29-4836-B74D-A0B7170525B1}.Debug|Any CPU.ActiveCfg = Debug|Any CPU
		{5DA12A65-DA29-4836-B74D-A0B7170525B1}.Debug|Any CPU.Build.0 = Debug|Any CPU
		{5DA12A65-DA29-4836-B74D-A0B7170525B1}.Release|Any CPU.ActiveCfg = Release|Any CPU
		{5DA12A65-DA29-4836-B74D-A0B7170525B1}.Release|Any CPU.Build.0 = Release|Any CPU
		{79581F36-E7A0-4262-9419-0F6077510C29}.Debug|Any CPU.ActiveCfg = Debug|Any CPU
		{79581F36-E7A0-4262-9419-0F6077510C29}.Debug|Any CPU.Build.0 = Debug|Any CPU
		{79581F36-E7A0-4262-9419-0F6077510C29}.Release|Any CPU.ActiveCfg = Release|Any CPU
		{79581F36-E7A0-4262-9419-0F6077510C29}.Release|Any CPU.Build.0 = Release|Any CPU
	EndGlobalSection
	GlobalSection(SolutionProperties) = preSolution
		HideSolutionNode = FALSE
	EndGlobalSection
	GlobalSection(ExtensibilityGlobals) = postSolution
		SolutionGuid = {DC4418D2-D24B-4306-B44D-FAE24E6F89FE}
	EndGlobalSection
EndGlobal
