
Microsoft Visual Studio Solution File, Format Version 12.00
# Visual Studio Version 17
VisualStudioVersion = 17.1.32407.343
MinimumVisualStudioVersion = 10.0.40219.1
Project("{FAE04EC0-301F-11D3-BF4B-00C04F79EFBC}") = "1. Numbers", "1. Numbers\1. Numbers.csproj", "{937D9041-F9AC-442C-96EB-2CED1F7A9824}"
EndProject
Project("{FAE04EC0-301F-11D3-BF4B-00C04F79EFBC}") = "2. The Tyrant", "2. The Tyrant\2. The Tyrant.csproj", "{DFD7823E-41C1-4324-A6BE-04F3496F058F}"
EndProject
Project("{FAE04EC0-301F-11D3-BF4B-00C04F79EFBC}") = "3. Gateways", "3. Gateways\3. Gateways.csproj", "{F7456EB8-7EAA-48F8-8A85-E325CC76E86B}"
EndProject
Global
	GlobalSection(SolutionConfigurationPlatforms) = preSolution
		Debug|Any CPU = Debug|Any CPU
		Release|Any CPU = Release|Any CPU
	EndGlobalSection
	GlobalSection(ProjectConfigurationPlatforms) = postSolution
		{937D9041-F9AC-442C-96EB-2CED1F7A9824}.Debug|Any CPU.ActiveCfg = Debug|Any CPU
		{937D9041-F9AC-442C-96EB-2CED1F7A9824}.Debug|Any CPU.Build.0 = Debug|Any CPU
		{937D9041-F9AC-442C-96EB-2CED1F7A9824}.Release|Any CPU.ActiveCfg = Release|Any CPU
		{937D9041-F9AC-442C-96EB-2CED1F7A9824}.Release|Any CPU.Build.0 = Release|Any CPU
		{DFD7823E-41C1-4324-A6BE-04F3496F058F}.Debug|Any CPU.ActiveCfg = Debug|Any CPU
		{DFD7823E-41C1-4324-A6BE-04F3496F058F}.Debug|Any CPU.Build.0 = Debug|Any CPU
		{DFD7823E-41C1-4324-A6BE-04F3496F058F}.Release|Any CPU.ActiveCfg = Release|Any CPU
		{DFD7823E-41C1-4324-A6BE-04F3496F058F}.Release|Any CPU.Build.0 = Release|Any CPU
		{F7456EB8-7EAA-48F8-8A85-E325CC76E86B}.Debug|Any CPU.ActiveCfg = Debug|Any CPU
		{F7456EB8-7EAA-48F8-8A85-E325CC76E86B}.Debug|Any CPU.Build.0 = Debug|Any CPU
		{F7456EB8-7EAA-48F8-8A85-E325CC76E86B}.Release|Any CPU.ActiveCfg = Release|Any CPU
		{F7456EB8-7EAA-48F8-8A85-E325CC76E86B}.Release|Any CPU.Build.0 = Release|Any CPU
	EndGlobalSection
	GlobalSection(SolutionProperties) = preSolution
		HideSolutionNode = FALSE
	EndGlobalSection
	GlobalSection(ExtensibilityGlobals) = postSolution
		SolutionGuid = {B5AA3985-A7CE-48FB-9BFC-D49D89756FB6}
	EndGlobalSection
EndGlobal
