
Microsoft Visual Studio Solution File, Format Version 12.00
# Visual Studio Version 17
VisualStudioVersion = 17.1.32407.343
MinimumVisualStudioVersion = 10.0.40219.1
Project("{FAE04EC0-301F-11D3-BF4B-00C04F79EFBC}") = "1. Cable Merchant", "1. Cable Merchant\1. Cable Merchant.csproj", "{7CCC5C6C-08AF-4BA6-8A59-96CD617DAE4A}"
EndProject
Project("{FAE04EC0-301F-11D3-BF4B-00C04F79EFBC}") = "2. Battle Points", "2. Battle Points\2. Battle Points.csproj", "{51B1681B-B7D6-4380-946C-B1EC51E67F1F}"
EndProject
Project("{FAE04EC0-301F-11D3-BF4B-00C04F79EFBC}") = "3. Longest String Chain", "3. Longest String Chain\3. Longest String Chain.csproj", "{C770C16F-6AAC-434E-AA27-88DB613CF83B}"
EndProject
Project("{FAE04EC0-301F-11D3-BF4B-00C04F79EFBC}") = "4. Longest Zigzag Subsequence", "4. Longest Zigzag Subsequence\4. Longest Zigzag Subsequence.csproj", "{F86BB9C6-063C-4EDA-8E58-3A54F965D73A}"
EndProject
Global
	GlobalSection(SolutionConfigurationPlatforms) = preSolution
		Debug|Any CPU = Debug|Any CPU
		Release|Any CPU = Release|Any CPU
	EndGlobalSection
	GlobalSection(ProjectConfigurationPlatforms) = postSolution
		{7CCC5C6C-08AF-4BA6-8A59-96CD617DAE4A}.Debug|Any CPU.ActiveCfg = Debug|Any CPU
		{7CCC5C6C-08AF-4BA6-8A59-96CD617DAE4A}.Debug|Any CPU.Build.0 = Debug|Any CPU
		{7CCC5C6C-08AF-4BA6-8A59-96CD617DAE4A}.Release|Any CPU.ActiveCfg = Release|Any CPU
		{7CCC5C6C-08AF-4BA6-8A59-96CD617DAE4A}.Release|Any CPU.Build.0 = Release|Any CPU
		{51B1681B-B7D6-4380-946C-B1EC51E67F1F}.Debug|Any CPU.ActiveCfg = Debug|Any CPU
		{51B1681B-B7D6-4380-946C-B1EC51E67F1F}.Debug|Any CPU.Build.0 = Debug|Any CPU
		{51B1681B-B7D6-4380-946C-B1EC51E67F1F}.Release|Any CPU.ActiveCfg = Release|Any CPU
		{51B1681B-B7D6-4380-946C-B1EC51E67F1F}.Release|Any CPU.Build.0 = Release|Any CPU
		{C770C16F-6AAC-434E-AA27-88DB613CF83B}.Debug|Any CPU.ActiveCfg = Debug|Any CPU
		{C770C16F-6AAC-434E-AA27-88DB613CF83B}.Debug|Any CPU.Build.0 = Debug|Any CPU
		{C770C16F-6AAC-434E-AA27-88DB613CF83B}.Release|Any CPU.ActiveCfg = Release|Any CPU
		{C770C16F-6AAC-434E-AA27-88DB613CF83B}.Release|Any CPU.Build.0 = Release|Any CPU
		{F86BB9C6-063C-4EDA-8E58-3A54F965D73A}.Debug|Any CPU.ActiveCfg = Debug|Any CPU
		{F86BB9C6-063C-4EDA-8E58-3A54F965D73A}.Debug|Any CPU.Build.0 = Debug|Any CPU
		{F86BB9C6-063C-4EDA-8E58-3A54F965D73A}.Release|Any CPU.ActiveCfg = Release|Any CPU
		{F86BB9C6-063C-4EDA-8E58-3A54F965D73A}.Release|Any CPU.Build.0 = Release|Any CPU
	EndGlobalSection
	GlobalSection(SolutionProperties) = preSolution
		HideSolutionNode = FALSE
	EndGlobalSection
	GlobalSection(ExtensibilityGlobals) = postSolution
		SolutionGuid = {2CA1E983-C90F-4AD0-864A-3EF858CC653C}
	EndGlobalSection
EndGlobal
